// !$*UTF8*$!
{
	archiveVersion = 1;
	classes = {
	};
	objectVersion = 55;
	objects = {

/* Begin PBXBuildFile section */
		2656DCF92888B5660066E644 /* AppDelegate.swift in Sources */ = {isa = PBXBuildFile; fileRef = 2656DCF82888B5660066E644 /* AppDelegate.swift */; };
		2656DCFB2888B5660066E644 /* SceneDelegate.swift in Sources */ = {isa = PBXBuildFile; fileRef = 2656DCFA2888B5660066E644 /* SceneDelegate.swift */; };
		2656DCFD2888B5660066E644 /* ViewController.swift in Sources */ = {isa = PBXBuildFile; fileRef = 2656DCFC2888B5660066E644 /* ViewController.swift */; };
		2656DD002888B5660066E644 /* Main.storyboard in Resources */ = {isa = PBXBuildFile; fileRef = 2656DCFE2888B5660066E644 /* Main.storyboard */; };
		2656DD022888B5680066E644 /* Assets.xcassets in Resources */ = {isa = PBXBuildFile; fileRef = 2656DD012888B5680066E644 /* Assets.xcassets */; };
		2656DD052888B5680066E644 /* LaunchScreen.storyboard in Resources */ = {isa = PBXBuildFile; fileRef = 2656DD032888B5680066E644 /* LaunchScreen.storyboard */; };
		2656DD102888B5680066E644 /* CryptoPricePredictorTests.swift in Sources */ = {isa = PBXBuildFile; fileRef = 2656DD0F2888B5680066E644 /* CryptoPricePredictorTests.swift */; };
		2656DD1A2888B5680066E644 /* CryptoPricePredictorUITests.swift in Sources */ = {isa = PBXBuildFile; fileRef = 2656DD192888B5680066E644 /* CryptoPricePredictorUITests.swift */; };
		2656DD1C2888B5680066E644 /* CryptoPricePredictorUITestsLaunchTests.swift in Sources */ = {isa = PBXBuildFile; fileRef = 2656DD1B2888B5680066E644 /* CryptoPricePredictorUITestsLaunchTests.swift */; };
/* End PBXBuildFile section */

/* Begin PBXContainerItemProxy section */
		2656DD0C2888B5680066E644 /* PBXContainerItemProxy */ = {
			isa = PBXContainerItemProxy;
			containerPortal = 2656DCED2888B5660066E644 /* Project object */;
			proxyType = 1;
			remoteGlobalIDString = 2656DCF42888B5660066E644;
			remoteInfo = CryptoPricePredictor;
		};
		2656DD162888B5680066E644 /* PBXContainerItemProxy */ = {
			isa = PBXContainerItemProxy;
			containerPortal = 2656DCED2888B5660066E644 /* Project object */;
			proxyType = 1;
			remoteGlobalIDString = 2656DCF42888B5660066E644;
			remoteInfo = CryptoPricePredictor;
		};
/* End PBXContainerItemProxy section */

/* Begin PBXFileReference section */
		2656DCF52888B5660066E644 /* CryptoPricePredictor.app */ = {isa = PBXFileReference; explicitFileType = wrapper.application; includeInIndex = 0; path = CryptoPricePredictor.app; sourceTree = BUILT_PRODUCTS_DIR; };
		2656DCF82888B5660066E644 /* AppDelegate.swift */ = {isa = PBXFileReference; lastKnownFileType = sourcecode.swift; path = AppDelegate.swift; sourceTree = "<group>"; };
		2656DCFA2888B5660066E644 /* SceneDelegate.swift */ = {isa = PBXFileReference; lastKnownFileType = sourcecode.swift; path = SceneDelegate.swift; sourceTree = "<group>"; };
		2656DCFC2888B5660066E644 /* ViewController.swift */ = {isa = PBXFileReference; lastKnownFileType = sourcecode.swift; path = ViewController.swift; sourceTree = "<group>"; };
		2656DCFF2888B5660066E644 /* Base */ = {isa = PBXFileReference; lastKnownFileType = file.storyboard; name = Base; path = Base.lproj/Main.storyboard; sourceTree = "<group>"; };
		2656DD012888B5680066E644 /* Assets.xcassets */ = {isa = PBXFileReference; lastKnownFileType = folder.assetcatalog; path = Assets.xcassets; sourceTree = "<group>"; };
		2656DD042888B5680066E644 /* Base */ = {isa = PBXFileReference; lastKnownFileType = file.storyboard; name = Base; path = Base.lproj/LaunchScreen.storyboard; sourceTree = "<group>"; };
		2656DD062888B5680066E644 /* Info.plist */ = {isa = PBXFileReference; lastKnownFileType = text.plist.xml; path = Info.plist; sourceTree = "<group>"; };
		2656DD0B2888B5680066E644 /* CryptoPricePredictorTests.xctest */ = {isa = PBXFileReference; explicitFileType = wrapper.cfbundle; includeInIndex = 0; path = CryptoPricePredictorTests.xctest; sourceTree = BUILT_PRODUCTS_DIR; };
		2656DD0F2888B5680066E644 /* CryptoPricePredictorTests.swift */ = {isa = PBXFileReference; lastKnownFileType = sourcecode.swift; path = CryptoPricePredictorTests.swift; sourceTree = "<group>"; };
		2656DD152888B5680066E644 /* CryptoPricePredictorUITests.xctest */ = {isa = PBXFileReference; explicitFileType = wrapper.cfbundle; includeInIndex = 0; path = CryptoPricePredictorUITests.xctest; sourceTree = BUILT_PRODUCTS_DIR; };
		2656DD192888B5680066E644 /* CryptoPricePredictorUITests.swift */ = {isa = PBXFileReference; lastKnownFileType = sourcecode.swift; path = CryptoPricePredictorUITests.swift; sourceTree = "<group>"; };
		2656DD1B2888B5680066E644 /* CryptoPricePredictorUITestsLaunchTests.swift */ = {isa = PBXFileReference; lastKnownFileType = sourcecode.swift; path = CryptoPricePredictorUITestsLaunchTests.swift; sourceTree = "<group>"; };
/* End PBXFileReference section */

/* Begin PBXFrameworksBuildPhase section */
		2656DCF22888B5660066E644 /* Frameworks */ = {
			isa = PBXFrameworksBuildPhase;
			buildActionMask = 2147483647;
			files = (
			);
			runOnlyForDeploymentPostprocessing = 0;
		};
		2656DD082888B5680066E644 /* Frameworks */ = {
			isa = PBXFrameworksBuildPhase;
			buildActionMask = 2147483647;
			files = (
			);
			runOnlyForDeploymentPostprocessing = 0;
		};
		2656DD122888B5680066E644 /* Frameworks */ = {
			isa = PBXFrameworksBuildPhase;
			buildActionMask = 2147483647;
			files = (
			);
			runOnlyForDeploymentPostprocessing = 0;
		};
/* End PBXFrameworksBuildPhase section */

/* Begin PBXGroup section */
		2656DCEC2888B5660066E644 = {
			isa = PBXGroup;
			children = (
				2656DCF72888B5660066E644 /* CryptoPricePredictor */,
				2656DD0E2888B5680066E644 /* CryptoPricePredictorTests */,
				2656DD182888B5680066E644 /* CryptoPricePredictorUITests */,
				2656DCF62888B5660066E644 /* Products */,
			);
			sourceTree = "<group>";
		};
		2656DCF62888B5660066E644 /* Products */ = {
			isa = PBXGroup;
			children = (
				2656DCF52888B5660066E644 /* CryptoPricePredictor.app */,
				2656DD0B2888B5680066E644 /* CryptoPricePredictorTests.xctest */,
				2656DD152888B5680066E644 /* CryptoPricePredictorUITests.xctest */,
			);
			name = Products;
			sourceTree = "<group>";
		};
		2656DCF72888B5660066E644 /* CryptoPricePredictor */ = {
			isa = PBXGroup;
			children = (
				2656DCF82888B5660066E644 /* AppDelegate.swift */,
				2656DCFA2888B5660066E644 /* SceneDelegate.swift */,
				2656DCFC2888B5660066E644 /* ViewController.swift */,
				2656DCFE2888B5660066E644 /* Main.storyboard */,
				2656DD012888B5680066E644 /* Assets.xcassets */,
				2656DD032888B5680066E644 /* LaunchScreen.storyboard */,
				2656DD062888B5680066E644 /* Info.plist */,
			);
			path = CryptoPricePredictor;
			sourceTree = "<group>";
		};
		2656DD0E2888B5680066E644 /* CryptoPricePredictorTests */ = {
			isa = PBXGroup;
			children = (
				2656DD0F2888B5680066E644 /* CryptoPricePredictorTests.swift */,
			);
			path = CryptoPricePredictorTests;
			sourceTree = "<group>";
		};
		2656DD182888B5680066E644 /* CryptoPricePredictorUITests */ = {
			isa = PBXGroup;
			children = (
				2656DD192888B5680066E644 /* CryptoPricePredictorUITests.swift */,
				2656DD1B2888B5680066E644 /* CryptoPricePredictorUITestsLaunchTests.swift */,
			);
			path = CryptoPricePredictorUITests;
			sourceTree = "<group>";
		};
/* End PBXGroup section */

/* Begin PBXNativeTarget section */
		2656DCF42888B5660066E644 /* CryptoPricePredictor */ = {
			isa = PBXNativeTarget;
			buildConfigurationList = 2656DD1F2888B5680066E644 /* Build configuration list for PBXNativeTarget "CryptoPricePredictor" */;
			buildPhases = (
				2656DCF12888B5660066E644 /* Sources */,
				2656DCF22888B5660066E644 /* Frameworks */,
				2656DCF32888B5660066E644 /* Resources */,
			);
			buildRules = (
			);
			dependencies = (
			);
			name = CryptoPricePredictor;
			productName = CryptoPricePredictor;
			productReference = 2656DCF52888B5660066E644 /* CryptoPricePredictor.app */;
			productType = "com.apple.product-type.application";
		};
		2656DD0A2888B5680066E644 /* CryptoPricePredictorTests */ = {
			isa = PBXNativeTarget;
			buildConfigurationList = 2656DD222888B5680066E644 /* Build configuration list for PBXNativeTarget "CryptoPricePredictorTests" */;
			buildPhases = (
				2656DD072888B5680066E644 /* Sources */,
				2656DD082888B5680066E644 /* Frameworks */,
				2656DD092888B5680066E644 /* Resources */,
			);
			buildRules = (
			);
			dependencies = (
				2656DD0D2888B5680066E644 /* PBXTargetDependency */,
			);
			name = CryptoPricePredictorTests;
			productName = CryptoPricePredictorTests;
			productReference = 2656DD0B2888B5680066E644 /* CryptoPricePredictorTests.xctest */;
			productType = "com.apple.product-type.bundle.unit-test";
		};
		2656DD142888B5680066E644 /* CryptoPricePredictorUITests */ = {
			isa = PBXNativeTarget;
			buildConfigurationList = 2656DD252888B5680066E644 /* Build configuration list for PBXNativeTarget "CryptoPricePredictorUITests" */;
			buildPhases = (
				2656DD112888B5680066E644 /* Sources */,
				2656DD122888B5680066E644 /* Frameworks */,
				2656DD132888B5680066E644 /* Resources */,
			);
			buildRules = (
			);
			dependencies = (
				2656DD172888B5680066E644 /* PBXTargetDependency */,
			);
			name = CryptoPricePredictorUITests;
			productName = CryptoPricePredictorUITests;
			productReference = 2656DD152888B5680066E644 /* CryptoPricePredictorUITests.xctest */;
			productType = "com.apple.product-type.bundle.ui-testing";
		};
/* End PBXNativeTarget section */

/* Begin PBXProject section */
		2656DCED2888B5660066E644 /* Project object */ = {
			isa = PBXProject;
			attributes = {
				BuildIndependentTargetsInParallel = 1;
				LastSwiftUpdateCheck = 1340;
				LastUpgradeCheck = 1340;
				TargetAttributes = {
					2656DCF42888B5660066E644 = {
						CreatedOnToolsVersion = 13.4.1;
					};
					2656DD0A2888B5680066E644 = {
						CreatedOnToolsVersion = 13.4.1;
						TestTargetID = 2656DCF42888B5660066E644;
					};
					2656DD142888B5680066E644 = {
						CreatedOnToolsVersion = 13.4.1;
						TestTargetID = 2656DCF42888B5660066E644;
					};
				};
			};
			buildConfigurationList = 2656DCF02888B5660066E644 /* Build configuration list for PBXProject "CryptoPricePredictor" */;
			compatibilityVersion = "Xcode 13.0";
			developmentRegion = en;
			hasScannedForEncodings = 0;
			knownRegions = (
				en,
				Base,
			);
			mainGroup = 2656DCEC2888B5660066E644;
			productRefGroup = 2656DCF62888B5660066E644 /* Products */;
			projectDirPath = "";
			projectRoot = "";
			targets = (
				2656DCF42888B5660066E644 /* CryptoPricePredictor */,
				2656DD0A2888B5680066E644 /* CryptoPricePredictorTests */,
				2656DD142888B5680066E644 /* CryptoPricePredictorUITests */,
			);
		};
/* End PBXProject section */

/* Begin PBXResourcesBuildPhase section */
		2656DCF32888B5660066E644 /* Resources */ = {
			isa = PBXResourcesBuildPhase;
			buildActionMask = 2147483647;
			files = (
				2656DD052888B5680066E644 /* LaunchScreen.storyboard in Resources */,
				2656DD022888B5680066E644 /* Assets.xcassets in Resources */,
				2656DD002888B5660066E644 /* Main.storyboard in Resources */,
			);
			runOnlyForDeploymentPostprocessing = 0;
		};
		2656DD092888B5680066E644 /* Resources */ = {
			isa = PBXResourcesBuildPhase;
			buildActionMask = 2147483647;
			files = (
			);
			runOnlyForDeploymentPostprocessing = 0;
		};
		2656DD132888B5680066E644 /* Resources */ = {
			isa = PBXResourcesBuildPhase;
			buildActionMask = 2147483647;
			files = (
			);
			runOnlyForDeploymentPostprocessing = 0;
		};
/* End PBXResourcesBuildPhase section */

/* Begin PBXSourcesBuildPhase section */
		2656DCF12888B5660066E644 /* Sources */ = {
			isa = PBXSourcesBuildPhase;
			buildActionMask = 2147483647;
			files = (
				2656DCFD2888B5660066E644 /* ViewController.swift in Sources */,
				2656DCF92888B5660066E644 /* AppDelegate.swift in Sources */,
				2656DCFB2888B5660066E644 /* SceneDelegate.swift in Sources */,
			);
			runOnlyForDeploymentPostprocessing = 0;
		};
		2656DD072888B5680066E644 /* Sources */ = {
			isa = PBXSourcesBuildPhase;
			buildActionMask = 2147483647;
			files = (
				2656DD102888B5680066E644 /* CryptoPricePredictorTests.swift in Sources */,
			);
			runOnlyForDeploymentPostprocessing = 0;
		};
		2656DD112888B5680066E644 /* Sources */ = {
			isa = PBXSourcesBuildPhase;
			buildActionMask = 2147483647;
			files = (
				2656DD1C2888B5680066E644 /* CryptoPricePredictorUITestsLaunchTests.swift in Sources */,
				2656DD1A2888B5680066E644 /* CryptoPricePredictorUITests.swift in Sources */,
			);
			runOnlyForDeploymentPostprocessing = 0;
		};
/* End PBXSourcesBuildPhase section */

/* Begin PBXTargetDependency section */
		2656DD0D2888B5680066E644 /* PBXTargetDependency */ = {
			isa = PBXTargetDependency;
			target = 2656DCF42888B5660066E644 /* CryptoPricePredictor */;
			targetProxy = 2656DD0C2888B5680066E644 /* PBXContainerItemProxy */;
		};
		2656DD172888B5680066E644 /* PBXTargetDependency */ = {
			isa = PBXTargetDependency;
			target = 2656DCF42888B5660066E644 /* CryptoPricePredictor */;
			targetProxy = 2656DD162888B5680066E644 /* PBXContainerItemProxy */;
		};
/* End PBXTargetDependency section */

/* Begin PBXVariantGroup section */
		2656DCFE2888B5660066E644 /* Main.storyboard */ = {
			isa = PBXVariantGroup;
			children = (
				2656DCFF2888B5660066E644 /* Base */,
			);
			name = Main.storyboard;
			sourceTree = "<group>";
		};
		2656DD032888B5680066E644 /* LaunchScreen.storyboard */ = {
			isa = PBXVariantGroup;
			children = (
				2656DD042888B5680066E644 /* Base */,
			);
			name = LaunchScreen.storyboard;
			sourceTree = "<group>";
		};
/* End PBXVariantGroup section */

/* Begin XCBuildConfiguration section */
		2656DD1D2888B5680066E644 /* Debug */ = {
			isa = XCBuildConfiguration;
			buildSettings = {
				ALWAYS_SEARCH_USER_PATHS = NO;
				CLANG_ANALYZER_NONNULL = YES;
				CLANG_ANALYZER_NUMBER_OBJECT_CONVERSION = YES_AGGRESSIVE;
				CLANG_CXX_LANGUAGE_STANDARD = "gnu++17";
				CLANG_ENABLE_MODULES = YES;
				CLANG_ENABLE_OBJC_ARC = YES;
				CLANG_ENABLE_OBJC_WEAK = YES;
				CLANG_WARN_BLOCK_CAPTURE_AUTORELEASING = YES;
				CLANG_WARN_BOOL_CONVERSION = YES;
				CLANG_WARN_COMMA = YES;
				CLANG_WARN_CONSTANT_CONVERSION = YES;
				CLANG_WARN_DEPRECATED_OBJC_IMPLEMENTATIONS = YES;
				CLANG_WARN_DIRECT_OBJC_ISA_USAGE = YES_ERROR;
				CLANG_WARN_DOCUMENTATION_COMMENTS = YES;
				CLANG_WARN_EMPTY_BODY = YES;
				CLANG_WARN_ENUM_CONVERSION = YES;
				CLANG_WARN_INFINITE_RECURSION = YES;
				CLANG_WARN_INT_CONVERSION = YES;
				CLANG_WARN_NON_LITERAL_NULL_CONVERSION = YES;
				CLANG_WARN_OBJC_IMPLICIT_RETAIN_SELF = YES;
				CLANG_WARN_OBJC_LITERAL_CONVERSION = YES;
				CLANG_WARN_OBJC_ROOT_CLASS = YES_ERROR;
				CLANG_WARN_QUOTED_INCLUDE_IN_FRAMEWORK_HEADER = YES;
				CLANG_WARN_RANGE_LOOP_ANALYSIS = YES;
				CLANG_WARN_STRICT_PROTOTYPES = YES;
				CLANG_WARN_SUSPICIOUS_MOVE = YES;
				CLANG_WARN_UNGUARDED_AVAILABILITY = YES_AGGRESSIVE;
				CLANG_WARN_UNREACHABLE_CODE = YES;
				CLANG_WARN__DUPLICATE_METHOD_MATCH = YES;
				COPY_PHASE_STRIP = NO;
				DEBUG_INFORMATION_FORMAT = dwarf;
				ENABLE_STRICT_OBJC_MSGSEND = YES;
				ENABLE_TESTABILITY = YES;
				GCC_C_LANGUAGE_STANDARD = gnu11;
				GCC_DYNAMIC_NO_PIC = NO;
				GCC_NO_COMMON_BLOCKS = YES;
				GCC_OPTIMIZATION_LEVEL = 0;
				GCC_PREPROCESSOR_DEFINITIONS = (
					"DEBUG=1",
					"$(inherited)",
				);
				GCC_WARN_64_TO_32_BIT_CONVERSION = YES;
				GCC_WARN_ABOUT_RETURN_TYPE = YES_ERROR;
				GCC_WARN_UNDECLARED_SELECTOR = YES;
				GCC_WARN_UNINITIALIZED_AUTOS = YES_AGGRESSIVE;
				GCC_WARN_UNUSED_FUNCTION = YES;
				GCC_WARN_UNUSED_VARIABLE = YES;
				IPHONEOS_DEPLOYMENT_TARGET = 15.5;
				MTL_ENABLE_DEBUG_INFO = INCLUDE_SOURCE;
				MTL_FAST_MATH = YES;
				ONLY_ACTIVE_ARCH = YES;
				SDKROOT = iphoneos;
				SWIFT_ACTIVE_COMPILATION_CONDITIONS = DEBUG;
				SWIFT_OPTIMIZATION_LEVEL = "-Onone";
			};
			name = Debug;
		};
		2656DD1E2888B5680066E644 /* Release */ = {
			isa = XCBuildConfiguration;
			buildSettings = {
				ALWAYS_SEARCH_USER_PATHS = NO;
				CLANG_ANALYZER_NONNULL = YES;
				CLANG_ANALYZER_NUMBER_OBJECT_CONVERSION = YES_AGGRESSIVE;
				CLANG_CXX_LANGUAGE_STANDARD = "gnu++17";
				CLANG_ENABLE_MODULES = YES;
				CLANG_ENABLE_OBJC_ARC = YES;
				CLANG_ENABLE_OBJC_WEAK = YES;
				CLANG_WARN_BLOCK_CAPTURE_AUTORELEASING = YES;
				CLANG_WARN_BOOL_CONVERSION = YES;
				CLANG_WARN_COMMA = YES;
				CLANG_WARN_CONSTANT_CONVERSION = YES;
				CLANG_WARN_DEPRECATED_OBJC_IMPLEMENTATIONS = YES;
				CLANG_WARN_DIRECT_OBJC_ISA_USAGE = YES_ERROR;
				CLANG_WARN_DOCUMENTATION_COMMENTS = YES;
				CLANG_WARN_EMPTY_BODY = YES;
				CLANG_WARN_ENUM_CONVERSION = YES;
				CLANG_WARN_INFINITE_RECURSION = YES;
				CLANG_WARN_INT_CONVERSION = YES;
				CLANG_WARN_NON_LITERAL_NULL_CONVERSION = YES;
				CLANG_WARN_OBJC_IMPLICIT_RETAIN_SELF = YES;
				CLANG_WARN_OBJC_LITERAL_CONVERSION = YES;
				CLANG_WARN_OBJC_ROOT_CLASS = YES_ERROR;
				CLANG_WARN_QUOTED_INCLUDE_IN_FRAMEWORK_HEADER = YES;
				CLANG_WARN_RANGE_LOOP_ANALYSIS = YES;
				CLANG_WARN_STRICT_PROTOTYPES = YES;
				CLANG_WARN_SUSPICIOUS_MOVE = YES;
				CLANG_WARN_UNGUARDED_AVAILABILITY = YES_AGGRESSIVE;
				CLANG_WARN_UNREACHABLE_CODE = YES;
				CLANG_WARN__DUPLICATE_METHOD_MATCH = YES;
				COPY_PHASE_STRIP = NO;
				DEBUG_INFORMATION_FORMAT = "dwarf-with-dsym";
				ENABLE_NS_ASSERTIONS = NO;
				ENABLE_STRICT_OBJC_MSGSEND = YES;
				GCC_C_LANGUAGE_STANDARD = gnu11;
				GCC_NO_COMMON_BLOCKS = YES;
				GCC_WARN_64_TO_32_BIT_CONVERSION = YES;
				GCC_WARN_ABOUT_RETURN_TYPE = YES_ERROR;
				GCC_WARN_UNDECLARED_SELECTOR = YES;
				GCC_WARN_UNINITIALIZED_AUTOS = YES_AGGRESSIVE;
				GCC_WARN_UNUSED_FUNCTION = YES;
				GCC_WARN_UNUSED_VARIABLE = YES;
				IPHONEOS_DEPLOYMENT_TARGET = 15.5;
				MTL_ENABLE_DEBUG_INFO = NO;
				MTL_FAST_MATH = YES;
				SDKROOT = iphoneos;
				SWIFT_COMPILATION_MODE = wholemodule;
				SWIFT_OPTIMIZATION_LEVEL = "-O";
				VALIDATE_PRODUCT = YES;
			};
			name = Release;
		};
		2656DD202888B5680066E644 /* Debug */ = {
			isa = XCBuildConfiguration;
			buildSettings = {
				ASSETCATALOG_COMPILER_APPICON_NAME = AppIcon;
				ASSETCATALOG_COMPILER_GLOBAL_ACCENT_COLOR_NAME = AccentColor;
				CODE_SIGN_STYLE = Automatic;
				CURRENT_PROJECT_VERSION = 1;
				DEVELOPMENT_TEAM = K364XH8NLX;
				GENERATE_INFOPLIST_FILE = YES;
				INFOPLIST_FILE = CryptoPricePredictor/Info.plist;
				INFOPLIST_KEY_UIApplicationSupportsIndirectInputEvents = YES;
				INFOPLIST_KEY_UILaunchStoryboardName = LaunchScreen;
				INFOPLIST_KEY_UIMainStoryboardFile = Main;
				INFOPLIST_KEY_UISupportedInterfaceOrientations_iPad = "UIInterfaceOrientationPortrait UIInterfaceOrientationPortraitUpsideDown UIInterfaceOrientationLandscapeLeft UIInterfaceOrientationLandscapeRight";
				INFOPLIST_KEY_UISupportedInterfaceOrientations_iPhone = "UIInterfaceOrientationPortrait UIInterfaceOrientationLandscapeLeft UIInterfaceOrientationLandscapeRight";
				LD_RUNPATH_SEARCH_PATHS = (
					"$(inherited)",
					"@executable_path/Frameworks",
				);
				MARKETING_VERSION = 1.0;
				PRODUCT_BUNDLE_IDENTIFIER = edu.usc.CryptoPricePredictor;
				PRODUCT_NAME = "$(TARGET_NAME)";
				SWIFT_EMIT_LOC_STRINGS = YES;
				SWIFT_VERSION = 5.0;
				TARGETED_DEVICE_FAMILY = "1,2";
			};
			name = Debug;
		};
		2656DD212888B5680066E644 /* Release */ = {
			isa = XCBuildConfiguration;
			buildSettings = {
				ASSETCATALOG_COMPILER_APPICON_NAME = AppIcon;
				ASSETCATALOG_COMPILER_GLOBAL_ACCENT_COLOR_NAME = AccentColor;
				CODE_SIGN_STYLE = Automatic;
				CURRENT_PROJECT_VERSION = 1;
				DEVELOPMENT_TEAM = K364XH8NLX;
				GENERATE_INFOPLIST_FILE = YES;
				INFOPLIST_FILE = CryptoPricePredictor/Info.plist;
				INFOPLIST_KEY_UIApplicationSupportsIndirectInputEvents = YES;
				INFOPLIST_KEY_UILaunchStoryboardName = LaunchScreen;
				INFOPLIST_KEY_UIMainStoryboardFile = Main;
				INFOPLIST_KEY_UISupportedInterfaceOrientations_iPad = "UIInterfaceOrientationPortrait UIInterfaceOrientationPortraitUpsideDown UIInterfaceOrientationLandscapeLeft UIInterfaceOrientationLandscapeRight";
				INFOPLIST_KEY_UISupportedInterfaceOrientations_iPhone = "UIInterfaceOrientationPortrait UIInterfaceOrientationLandscapeLeft UIInterfaceOrientationLandscapeRight";
				LD_RUNPATH_SEARCH_PATHS = (
					"$(inherited)",
					"@executable_path/Frameworks",
				);
				MARKETING_VERSION = 1.0;
				PRODUCT_BUNDLE_IDENTIFIER = edu.usc.CryptoPricePredictor;
				PRODUCT_NAME = "$(TARGET_NAME)";
				SWIFT_EMIT_LOC_STRINGS = YES;
				SWIFT_VERSION = 5.0;
				TARGETED_DEVICE_FAMILY = "1,2";
			};
			name = Release;
		};
		2656DD232888B5680066E644 /* Debug */ = {
			isa = XCBuildConfiguration;
			buildSettings = {
				ALWAYS_EMBED_SWIFT_STANDARD_LIBRARIES = YES;
				BUNDLE_LOADER = "$(TEST_HOST)";
				CODE_SIGN_STYLE = Automatic;
				CURRENT_PROJECT_VERSION = 1;
				DEVELOPMENT_TEAM = K364XH8NLX;
				GENERATE_INFOPLIST_FILE = YES;
				IPHONEOS_DEPLOYMENT_TARGET = 15.5;
				MARKETING_VERSION = 1.0;
				PRODUCT_BUNDLE_IDENTIFIER = edu.usc.CryptoPricePredictorTests;
				PRODUCT_NAME = "$(TARGET_NAME)";
				SWIFT_EMIT_LOC_STRINGS = NO;
				SWIFT_VERSION = 5.0;
				TARGETED_DEVICE_FAMILY = "1,2";
				TEST_HOST = "$(BUILT_PRODUCTS_DIR)/CryptoPricePredictor.app/CryptoPricePredictor";
			};
			name = Debug;
		};
		2656DD242888B5680066E644 /* Release */ = {
			isa = XCBuildConfiguration;
			buildSettings = {
				ALWAYS_EMBED_SWIFT_STANDARD_LIBRARIES = YES;
				BUNDLE_LOADER = "$(TEST_HOST)";
				CODE_SIGN_STYLE = Automatic;
				CURRENT_PROJECT_VERSION = 1;
				DEVELOPMENT_TEAM = K364XH8NLX;
				GENERATE_INFOPLIST_FILE = YES;
				IPHONEOS_DEPLOYMENT_TARGET = 15.5;
				MARKETING_VERSION = 1.0;
				PRODUCT_BUNDLE_IDENTIFIER = edu.usc.CryptoPricePredictorTests;
				PRODUCT_NAME = "$(TARGET_NAME)";
				SWIFT_EMIT_LOC_STRINGS = NO;
				SWIFT_VERSION = 5.0;
				TARGETED_DEVICE_FAMILY = "1,2";
				TEST_HOST = "$(BUILT_PRODUCTS_DIR)/CryptoPricePredictor.app/CryptoPricePredictor";
			};
			name = Release;
		};
		2656DD262888B5680066E644 /* Debug */ = {
			isa = XCBuildConfiguration;
			buildSettings = {
				ALWAYS_EMBED_SWIFT_STANDARD_LIBRARIES = YES;
				CODE_SIGN_STYLE = Automatic;
				CURRENT_PROJECT_VERSION = 1;
				DEVELOPMENT_TEAM = K364XH8NLX;
				GENERATE_INFOPLIST_FILE = YES;
				MARKETING_VERSION = 1.0;
				PRODUCT_BUNDLE_IDENTIFIER = edu.usc.CryptoPricePredictorUITests;
				PRODUCT_NAME = "$(TARGET_NAME)";
				SWIFT_EMIT_LOC_STRINGS = NO;
				SWIFT_VERSION = 5.0;
				TARGETED_DEVICE_FAMILY = "1,2";
				TEST_TARGET_NAME = CryptoPricePredictor;
			};
			name = Debug;
		};
		2656DD272888B5680066E644 /* Release */ = {
			isa = XCBuildConfiguration;
			buildSettings = {
				ALWAYS_EMBED_SWIFT_STANDARD_LIBRARIES = YES;
				CODE_SIGN_STYLE = Automatic;
				CURRENT_PROJECT_VERSION = 1;
				DEVELOPMENT_TEAM = K364XH8NLX;
				GENERATE_INFOPLIST_FILE = YES;
				MARKETING_VERSION = 1.0;
				PRODUCT_BUNDLE_IDENTIFIER = edu.usc.CryptoPricePredictorUITests;
				PRODUCT_NAME = "$(TARGET_NAME)";
				SWIFT_EMIT_LOC_STRINGS = NO;
				SWIFT_VERSION = 5.0;
				TARGETED_DEVICE_FAMILY = "1,2";
				TEST_TARGET_NAME = CryptoPricePredictor;
			};
			name = Release;
		};
/* End XCBuildConfiguration section */

/* Begin XCConfigurationList section */
		2656DCF02888B5660066E644 /* Build configuration list for PBXProject "CryptoPricePredictor" */ = {
			isa = XCConfigurationList;
			buildConfigurations = (
				2656DD1D2888B5680066E644 /* Debug */,
				2656DD1E2888B5680066E644 /* Release */,
			);
			defaultConfigurationIsVisible = 0;
			defaultConfigurationName = Release;
		};
		2656DD1F2888B5680066E644 /* Build configuration list for PBXNativeTarget "CryptoPricePredictor" */ = {
			isa = XCConfigurationList;
			buildConfigurations = (
				2656DD202888B5680066E644 /* Debug */,
				2656DD212888B5680066E644 /* Release */,
			);
			defaultConfigurationIsVisible = 0;
			defaultConfigurationName = Release;
		};
		2656DD222888B5680066E644 /* Build configuration list for PBXNativeTarget "CryptoPricePredictorTests" */ = {
			isa = XCConfigurationList;
			buildConfigurations = (
				2656DD232888B5680066E644 /* Debug */,
				2656DD242888B5680066E644 /* Release */,
			);
			defaultConfigurationIsVisible = 0;
			defaultConfigurationName = Release;
		};
		2656DD252888B5680066E644 /* Build configuration list for PBXNativeTarget "CryptoPricePredictorUITests" */ = {
			isa = XCConfigurationList;
			buildConfigurations = (
				2656DD262888B5680066E644 /* Debug */,
				2656DD272888B5680066E644 /* Release */,
			);
			defaultConfigurationIsVisible = 0;
			defaultConfigurationName = Release;
		};
/* End XCConfigurationList section */
	};
	rootObject = 2656DCED2888B5660066E644 /* Project object */;
}
